
Microsoft Visual Studio Solution File, Format Version 12.00
# Visual Studio Version 16
VisualStudioVersion = 16.0.30114.105
MinimumVisualStudioVersion = 10.0.40219.1
Project("{FAE04EC0-301F-11D3-BF4B-00C04F79EFBC}") = "PetShop.API", "PetShop.API\PetShop.API.csproj", "{43D8F724-27A9-4A9F-AF62-4A3717B4703B}"
EndProject
Project("{FAE04EC0-301F-11D3-BF4B-00C04F79EFBC}") = "PetShop.Core", "PetShop.Core\PetShop.Core.csproj", "{71FCD380-698B-4ED2-8E32-58B87DB2696F}"
EndProject
Project("{FAE04EC0-301F-11D3-BF4B-00C04F79EFBC}") = "PetShop.Infrastructure", "PetShop.Infrastructure\PetShop.Infrastructure.csproj", "{7BDCC3A6-E526-4FF3-B571-0B54656D60C3}"
EndProject
Global
	GlobalSection(SolutionConfigurationPlatforms) = preSolution
		Debug|Any CPU = Debug|Any CPU
		Debug|x64 = Debug|x64
		Debug|x86 = Debug|x86
		Release|Any CPU = Release|Any CPU
		Release|x64 = Release|x64
		Release|x86 = Release|x86
	EndGlobalSection
	GlobalSection(SolutionProperties) = preSolution
		HideSolutionNode = FALSE
	EndGlobalSection
	GlobalSection(ProjectConfigurationPlatforms) = postSolution
		{43D8F724-27A9-4A9F-AF62-4A3717B4703B}.Debug|Any CPU.ActiveCfg = Debug|Any CPU
		{43D8F724-27A9-4A9F-AF62-4A3717B4703B}.Debug|Any CPU.Build.0 = Debug|Any CPU
		{43D8F724-27A9-4A9F-AF62-4A3717B4703B}.Debug|x64.ActiveCfg = Debug|Any CPU
		{43D8F724-27A9-4A9F-AF62-4A3717B4703B}.Debug|x64.Build.0 = Debug|Any CPU
		{43D8F724-27A9-4A9F-AF62-4A3717B4703B}.Debug|x86.ActiveCfg = Debug|Any CPU
		{43D8F724-27A9-4A9F-AF62-4A3717B4703B}.Debug|x86.Build.0 = Debug|Any CPU
		{43D8F724-27A9-4A9F-AF62-4A3717B4703B}.Release|Any CPU.ActiveCfg = Release|Any CPU
		{43D8F724-27A9-4A9F-AF62-4A3717B4703B}.Release|Any CPU.Build.0 = Release|Any CPU
		{43D8F724-27A9-4A9F-AF62-4A3717B4703B}.Release|x64.ActiveCfg = Release|Any CPU
		{43D8F724-27A9-4A9F-AF62-4A3717B4703B}.Release|x64.Build.0 = Release|Any CPU
		{43D8F724-27A9-4A9F-AF62-4A3717B4703B}.Release|x86.ActiveCfg = Release|Any CPU
		{43D8F724-27A9-4A9F-AF62-4A3717B4703B}.Release|x86.Build.0 = Release|Any CPU
		{71FCD380-698B-4ED2-8E32-58B87DB2696F}.Debug|Any CPU.ActiveCfg = Debug|Any CPU
		{71FCD380-698B-4ED2-8E32-58B87DB2696F}.Debug|Any CPU.Build.0 = Debug|Any CPU
		{71FCD380-698B-4ED2-8E32-58B87DB2696F}.Debug|x64.ActiveCfg = Debug|Any CPU
		{71FCD380-698B-4ED2-8E32-58B87DB2696F}.Debug|x64.Build.0 = Debug|Any CPU
		{71FCD380-698B-4ED2-8E32-58B87DB2696F}.Debug|x86.ActiveCfg = Debug|Any CPU
		{71FCD380-698B-4ED2-8E32-58B87DB2696F}.Debug|x86.Build.0 = Debug|Any CPU
		{71FCD380-698B-4ED2-8E32-58B87DB2696F}.Release|Any CPU.ActiveCfg = Release|Any CPU
		{71FCD380-698B-4ED2-8E32-58B87DB2696F}.Release|Any CPU.Build.0 = Release|Any CPU
		{71FCD380-698B-4ED2-8E32-58B87DB2696F}.Release|x64.ActiveCfg = Release|Any CPU
		{71FCD380-698B-4ED2-8E32-58B87DB2696F}.Release|x64.Build.0 = Release|Any CPU
		{71FCD380-698B-4ED2-8E32-58B87DB2696F}.Release|x86.ActiveCfg = Release|Any CPU
		{71FCD380-698B-4ED2-8E32-58B87DB2696F}.Release|x86.Build.0 = Release|Any CPU
		{7BDCC3A6-E526-4FF3-B571-0B54656D60C3}.Debug|Any CPU.ActiveCfg = Debug|Any CPU
		{7BDCC3A6-E526-4FF3-B571-0B54656D60C3}.Debug|Any CPU.Build.0 = Debug|Any CPU
		{7BDCC3A6-E526-4FF3-B571-0B54656D60C3}.Debug|x64.ActiveCfg = Debug|Any CPU
		{7BDCC3A6-E526-4FF3-B571-0B54656D60C3}.Debug|x64.Build.0 = Debug|Any CPU
		{7BDCC3A6-E526-4FF3-B571-0B54656D60C3}.Debug|x86.ActiveCfg = Debug|Any CPU
		{7BDCC3A6-E526-4FF3-B571-0B54656D60C3}.Debug|x86.Build.0 = Debug|Any CPU
		{7BDCC3A6-E526-4FF3-B571-0B54656D60C3}.Release|Any CPU.ActiveCfg = Release|Any CPU
		{7BDCC3A6-E526-4FF3-B571-0B54656D60C3}.Release|Any CPU.Build.0 = Release|Any CPU
		{7BDCC3A6-E526-4FF3-B571-0B54656D60C3}.Release|x64.ActiveCfg = Release|Any CPU
		{7BDCC3A6-E526-4FF3-B571-0B54656D60C3}.Release|x64.Build.0 = Release|Any CPU
		{7BDCC3A6-E526-4FF3-B571-0B54656D60C3}.Release|x86.ActiveCfg = Release|Any CPU
		{7BDCC3A6-E526-4FF3-B571-0B54656D60C3}.Release|x86.Build.0 = Release|Any CPU
	EndGlobalSection
EndGlobal
